{
  "name": "WP-Front",
  "lockfileVersion": 3,
  "requires": true,
  "packages": {
    "": {
      "name": "WP-Front",
      "dependencies": {
        "fals": "^1.0.5"
      }
    },
    "node_modules/fals": {
      "version": "1.0.5",
      "resolved": "https://registry.npmjs.org/fals/-/fals-1.0.5.tgz",
      "integrity": "sha512-Jvtzc2LvEofiptAdLHSg4/V0bz/IxgRk0OKQbmgTkZ8EbM02FazlqPzK2ngZLU7gFstUTyUtU/zniCKMMs/tMQ=="
    }
  }
}
